
Microsoft Visual Studio Solution File, Format Version 12.00
# Visual Studio 15
VisualStudioVersion = 15.0.27004.2006
MinimumVisualStudioVersion = 10.0.40219.1
Project("{FAE04EC0-301F-11D3-BF4B-00C04F79EFBC}") = "BeginningWithPnP", "BeginningWithPnP\BeginningWithPnP.csproj", "{5A7011E0-F3CE-4931-8554-AF06567D1783}"
EndProject
Global
	GlobalSection(SolutionConfigurationPlatforms) = preSolution
		Debug|Any CPU = Debug|Any CPU
		Release|Any CPU = Release|Any CPU
	EndGlobalSection
	GlobalSection(ProjectConfigurationPlatforms) = postSolution
		{5A7011E0-F3CE-4931-8554-AF06567D1783}.Debug|Any CPU.ActiveCfg = Debug|Any CPU
		{5A7011E0-F3CE-4931-8554-AF06567D1783}.Debug|Any CPU.Build.0 = Debug|Any CPU
		{5A7011E0-F3CE-4931-8554-AF06567D1783}.Release|Any CPU.ActiveCfg = Release|Any CPU
		{5A7011E0-F3CE-4931-8554-AF06567D1783}.Release|Any CPU.Build.0 = Release|Any CPU
	EndGlobalSection
	GlobalSection(SolutionProperties) = preSolution
		HideSolutionNode = FALSE
	EndGlobalSection
	GlobalSection(ExtensibilityGlobals) = postSolution
		SolutionGuid = {18D058D9-FA8C-4F26-B347-A0908A0B3400}
	EndGlobalSection
EndGlobal
