
Microsoft Visual Studio Solution File, Format Version 12.00
# Visual Studio 15
VisualStudioVersion = 15.0.27004.2006
MinimumVisualStudioVersion = 10.0.40219.1
Project("{FAE04EC0-301F-11D3-BF4B-00C04F79EFBC}") = "VacationCalendarAddin", "VacationCalendarAddin\VacationCalendarAddin.csproj", "{22B4BDA3-D461-4B86-B381-C954DEFA971A}"
EndProject
Project("{FAE04EC0-301F-11D3-BF4B-00C04F79EFBC}") = "VacationCalendarAddinWeb", "VacationCalendarAddinWeb\VacationCalendarAddinWeb.csproj", "{1DAEFC21-5117-4F4E-8ECD-F96148F42E1C}"
EndProject
Project("{FAE04EC0-301F-11D3-BF4B-00C04F79EFBC}") = "Common", "Common\Common.csproj", "{35376119-2A41-450C-B727-AA70D5136F1F}"
EndProject
Project("{FAE04EC0-301F-11D3-BF4B-00C04F79EFBC}") = "Testing", "Testing\Testing.csproj", "{00F1DCB3-BD2D-4173-B8B4-438D6777A5D7}"
EndProject
Global
	GlobalSection(SolutionConfigurationPlatforms) = preSolution
		Debug|Any CPU = Debug|Any CPU
		Release|Any CPU = Release|Any CPU
	EndGlobalSection
	GlobalSection(ProjectConfigurationPlatforms) = postSolution
		{22B4BDA3-D461-4B86-B381-C954DEFA971A}.Debug|Any CPU.ActiveCfg = Debug|Any CPU
		{22B4BDA3-D461-4B86-B381-C954DEFA971A}.Debug|Any CPU.Build.0 = Debug|Any CPU
		{22B4BDA3-D461-4B86-B381-C954DEFA971A}.Debug|Any CPU.Deploy.0 = Debug|Any CPU
		{22B4BDA3-D461-4B86-B381-C954DEFA971A}.Release|Any CPU.ActiveCfg = Release|Any CPU
		{22B4BDA3-D461-4B86-B381-C954DEFA971A}.Release|Any CPU.Build.0 = Release|Any CPU
		{22B4BDA3-D461-4B86-B381-C954DEFA971A}.Release|Any CPU.Deploy.0 = Release|Any CPU
		{1DAEFC21-5117-4F4E-8ECD-F96148F42E1C}.Debug|Any CPU.ActiveCfg = Debug|Any CPU
		{1DAEFC21-5117-4F4E-8ECD-F96148F42E1C}.Debug|Any CPU.Build.0 = Debug|Any CPU
		{1DAEFC21-5117-4F4E-8ECD-F96148F42E1C}.Release|Any CPU.ActiveCfg = Release|Any CPU
		{1DAEFC21-5117-4F4E-8ECD-F96148F42E1C}.Release|Any CPU.Build.0 = Release|Any CPU
		{35376119-2A41-450C-B727-AA70D5136F1F}.Debug|Any CPU.ActiveCfg = Debug|Any CPU
		{35376119-2A41-450C-B727-AA70D5136F1F}.Debug|Any CPU.Build.0 = Debug|Any CPU
		{35376119-2A41-450C-B727-AA70D5136F1F}.Release|Any CPU.ActiveCfg = Release|Any CPU
		{35376119-2A41-450C-B727-AA70D5136F1F}.Release|Any CPU.Build.0 = Release|Any CPU
		{00F1DCB3-BD2D-4173-B8B4-438D6777A5D7}.Debug|Any CPU.ActiveCfg = Debug|Any CPU
		{00F1DCB3-BD2D-4173-B8B4-438D6777A5D7}.Debug|Any CPU.Build.0 = Debug|Any CPU
		{00F1DCB3-BD2D-4173-B8B4-438D6777A5D7}.Release|Any CPU.ActiveCfg = Release|Any CPU
		{00F1DCB3-BD2D-4173-B8B4-438D6777A5D7}.Release|Any CPU.Build.0 = Release|Any CPU
	EndGlobalSection
	GlobalSection(SolutionProperties) = preSolution
		HideSolutionNode = FALSE
	EndGlobalSection
	GlobalSection(ExtensibilityGlobals) = postSolution
		SolutionGuid = {E60FC79A-E760-4A24-9951-4D715C896CDE}
	EndGlobalSection
EndGlobal
