
Microsoft Visual Studio Solution File, Format Version 12.00
# Visual Studio 15
VisualStudioVersion = 15.0.27004.2006
MinimumVisualStudioVersion = 10.0.40219.1
Project("{FAE04EC0-301F-11D3-BF4B-00C04F79EFBC}") = "ConsoleAppClientIdSecret_AppOnlyPermissions", "ConsoleAppClientIdSecret_AppOnlyPermissions\ConsoleAppClientIdSecret_AppOnlyPermissions.csproj", "{DD64B454-BFFC-4013-B26B-A426F32A8711}"
EndProject
Global
	GlobalSection(SolutionConfigurationPlatforms) = preSolution
		Debug|Any CPU = Debug|Any CPU
		Release|Any CPU = Release|Any CPU
	EndGlobalSection
	GlobalSection(ProjectConfigurationPlatforms) = postSolution
		{DD64B454-BFFC-4013-B26B-A426F32A8711}.Debug|Any CPU.ActiveCfg = Debug|Any CPU
		{DD64B454-BFFC-4013-B26B-A426F32A8711}.Debug|Any CPU.Build.0 = Debug|Any CPU
		{DD64B454-BFFC-4013-B26B-A426F32A8711}.Release|Any CPU.ActiveCfg = Release|Any CPU
		{DD64B454-BFFC-4013-B26B-A426F32A8711}.Release|Any CPU.Build.0 = Release|Any CPU
	EndGlobalSection
	GlobalSection(SolutionProperties) = preSolution
		HideSolutionNode = FALSE
	EndGlobalSection
	GlobalSection(ExtensibilityGlobals) = postSolution
		SolutionGuid = {AE8743FA-2839-41BD-81FE-E3C6BF988CE6}
	EndGlobalSection
EndGlobal
